
Microsoft Visual Studio Solution File, Format Version 12.00
# Visual Studio Version 16
VisualStudioVersion = 16.0.29926.136
MinimumVisualStudioVersion = 10.0.40219.1
Project("{9A19103F-16F7-4668-BE54-9A1E7A4F7556}") = "AWSPriceListApi", "AWSPriceListApi\AWSPriceListApi.csproj", "{B035D4D6-45F9-4D5C-AD6B-F9820732F923}"
EndProject
Project("{9A19103F-16F7-4668-BE54-9A1E7A4F7556}") = "AWSPriceListApi.Tests", "AWSPriceListApi.Tests\AWSPriceListApi.Tests.csproj", "{7472A2BA-8F7B-4701-B809-EE29DD8758AA}"
EndProject
Project("{2150E333-8FDC-42A3-9474-1A3956D46DE8}") = "Solution Items", "Solution Items", "{6D52751A-E693-4711-82DC-718CFC9F0DE4}"
	ProjectSection(SolutionItems) = preProject
		LICENSE.txt = LICENSE.txt
		README.md = README.md
	EndProjectSection
EndProject
Global
	GlobalSection(SolutionConfigurationPlatforms) = preSolution
		Debug|Any CPU = Debug|Any CPU
		Release|Any CPU = Release|Any CPU
	EndGlobalSection
	GlobalSection(ProjectConfigurationPlatforms) = postSolution
		{B035D4D6-45F9-4D5C-AD6B-F9820732F923}.Debug|Any CPU.ActiveCfg = Debug|Any CPU
		{B035D4D6-45F9-4D5C-AD6B-F9820732F923}.Debug|Any CPU.Build.0 = Debug|Any CPU
		{B035D4D6-45F9-4D5C-AD6B-F9820732F923}.Release|Any CPU.ActiveCfg = Release|Any CPU
		{B035D4D6-45F9-4D5C-AD6B-F9820732F923}.Release|Any CPU.Build.0 = Release|Any CPU
		{7472A2BA-8F7B-4701-B809-EE29DD8758AA}.Debug|Any CPU.ActiveCfg = Debug|Any CPU
		{7472A2BA-8F7B-4701-B809-EE29DD8758AA}.Debug|Any CPU.Build.0 = Debug|Any CPU
		{7472A2BA-8F7B-4701-B809-EE29DD8758AA}.Release|Any CPU.ActiveCfg = Release|Any CPU
		{7472A2BA-8F7B-4701-B809-EE29DD8758AA}.Release|Any CPU.Build.0 = Release|Any CPU
	EndGlobalSection
	GlobalSection(SolutionProperties) = preSolution
		HideSolutionNode = FALSE
	EndGlobalSection
	GlobalSection(ExtensibilityGlobals) = postSolution
		SolutionGuid = {79867C24-847D-4301-A36E-7A0EC9200A0A}
	EndGlobalSection
EndGlobal
